
Microsoft Visual Studio Solution File, Format Version 12.00
# Visual Studio Version 16
VisualStudioVersion = 16.0.29613.14
MinimumVisualStudioVersion = 10.0.40219.1
Project("{2150E333-8FDC-42A3-9474-1A3956D46DE8}") = "2.Application", "2.Application", "{55261B4D-5E83-4662-9AD0-AA2EF2E49B15}"
EndProject
Project("{2150E333-8FDC-42A3-9474-1A3956D46DE8}") = "3.Domain", "3.Domain", "{782255EB-9140-4220-A84E-D7AFC6385B80}"
EndProject
Project("{2150E333-8FDC-42A3-9474-1A3956D46DE8}") = "4.Infrastructure", "4.Infrastructure", "{9A15544E-FB70-4554-B67A-1457E676BB19}"
EndProject
Project("{2150E333-8FDC-42A3-9474-1A3956D46DE8}") = "1.Distributed", "1.Distributed", "{2B63731F-3BE4-4B28-A235-AF312617AA76}"
EndProject
Project("{9A19103F-16F7-4668-BE54-9A1E7A4F7556}") = "MyBlog", "MyBlog\MyBlog.csproj", "{84611557-BD7B-45AC-B926-DB47B056EDCF}"
EndProject
Project("{9A19103F-16F7-4668-BE54-9A1E7A4F7556}") = "Application.Services", "Application.Services\Application.Services.csproj", "{566A7208-8986-4098-94F0-DBFFAD95A269}"
EndProject
Project("{9A19103F-16F7-4668-BE54-9A1E7A4F7556}") = "Application.DTO", "Application.DTO\Application.DTO.csproj", "{8A1CA4BA-F13C-40EB-890C-D109360D80FE}"
EndProject
Project("{9A19103F-16F7-4668-BE54-9A1E7A4F7556}") = "Application.Seedwork", "Application.Seedwork\Application.Seedwork.csproj", "{AA247CFF-EC9C-45DD-AB80-202BEEC31A9E}"
EndProject
Project("{9A19103F-16F7-4668-BE54-9A1E7A4F7556}") = "Domain.Seedwork", "Domain.Seedwork\Domain.Seedwork.csproj", "{6BC66D24-98E0-4716-A068-7C39A0FCF391}"
EndProject
Project("{9A19103F-16F7-4668-BE54-9A1E7A4F7556}") = "Distributed.Seedwork", "Distributed.Seedwork\Distributed.Seedwork.csproj", "{84870898-4CCD-4733-A323-6BE071783671}"
EndProject
Project("{9A19103F-16F7-4668-BE54-9A1E7A4F7556}") = "Infrastructure.Data.Seedwork", "Infrastructure.Data.Seedwork\Infrastructure.Data.Seedwork.csproj", "{FC386E83-4DC7-48B0-96AB-6CC438456231}"
EndProject
Project("{9A19103F-16F7-4668-BE54-9A1E7A4F7556}") = "Infrastructure.Data", "Infrastructure.Data\Infrastructure.Data.csproj", "{D5F43836-FFC8-4A0F-A465-7ACB7237C2F9}"
EndProject
Project("{9A19103F-16F7-4668-BE54-9A1E7A4F7556}") = "Infrastructure.Crosscutting", "Infrastructure.Crosscutting\Infrastructure.Crosscutting.csproj", "{B15A95D5-CDD3-4ACF-AADB-29155F11B0B2}"
EndProject
Project("{9A19103F-16F7-4668-BE54-9A1E7A4F7556}") = "Domain.Services", "Domain.Services\Domain.Services.csproj", "{A9972AF8-956E-4AC5-80E9-E10B55328A35}"
EndProject
Project("{9A19103F-16F7-4668-BE54-9A1E7A4F7556}") = "Application.Services.Tests", "Application.Services.Tests\Application.Services.Tests.csproj", "{C11DC78D-0DA8-4F31-B62A-78EDDA42301C}"
EndProject
Project("{9A19103F-16F7-4668-BE54-9A1E7A4F7556}") = "Domain.Services.Tests", "Domain.Services.Tests\Domain.Services.Tests.csproj", "{E1C2B1A4-9D5E-46CF-A770-7E13D324D2FA}"
EndProject
Project("{FAE04EC0-301F-11D3-BF4B-00C04F79EFBC}") = "Domain.Modules", "Domain.Modules\Domain.Modules.csproj", "{7F00C019-4F9B-4E83-B947-077B6EF11B84}"
EndProject
Global
	GlobalSection(SolutionConfigurationPlatforms) = preSolution
		Debug|Any CPU = Debug|Any CPU
		Release|Any CPU = Release|Any CPU
	EndGlobalSection
	GlobalSection(ProjectConfigurationPlatforms) = postSolution
		{84611557-BD7B-45AC-B926-DB47B056EDCF}.Debug|Any CPU.ActiveCfg = Debug|Any CPU
		{84611557-BD7B-45AC-B926-DB47B056EDCF}.Debug|Any CPU.Build.0 = Debug|Any CPU
		{84611557-BD7B-45AC-B926-DB47B056EDCF}.Release|Any CPU.ActiveCfg = Release|Any CPU
		{84611557-BD7B-45AC-B926-DB47B056EDCF}.Release|Any CPU.Build.0 = Release|Any CPU
		{566A7208-8986-4098-94F0-DBFFAD95A269}.Debug|Any CPU.ActiveCfg = Debug|Any CPU
		{566A7208-8986-4098-94F0-DBFFAD95A269}.Debug|Any CPU.Build.0 = Debug|Any CPU
		{566A7208-8986-4098-94F0-DBFFAD95A269}.Release|Any CPU.ActiveCfg = Release|Any CPU
		{566A7208-8986-4098-94F0-DBFFAD95A269}.Release|Any CPU.Build.0 = Release|Any CPU
		{8A1CA4BA-F13C-40EB-890C-D109360D80FE}.Debug|Any CPU.ActiveCfg = Debug|Any CPU
		{8A1CA4BA-F13C-40EB-890C-D109360D80FE}.Debug|Any CPU.Build.0 = Debug|Any CPU
		{8A1CA4BA-F13C-40EB-890C-D109360D80FE}.Release|Any CPU.ActiveCfg = Release|Any CPU
		{8A1CA4BA-F13C-40EB-890C-D109360D80FE}.Release|Any CPU.Build.0 = Release|Any CPU
		{AA247CFF-EC9C-45DD-AB80-202BEEC31A9E}.Debug|Any CPU.ActiveCfg = Debug|Any CPU
		{AA247CFF-EC9C-45DD-AB80-202BEEC31A9E}.Debug|Any CPU.Build.0 = Debug|Any CPU
		{AA247CFF-EC9C-45DD-AB80-202BEEC31A9E}.Release|Any CPU.ActiveCfg = Release|Any CPU
		{AA247CFF-EC9C-45DD-AB80-202BEEC31A9E}.Release|Any CPU.Build.0 = Release|Any CPU
		{6BC66D24-98E0-4716-A068-7C39A0FCF391}.Debug|Any CPU.ActiveCfg = Debug|Any CPU
		{6BC66D24-98E0-4716-A068-7C39A0FCF391}.Debug|Any CPU.Build.0 = Debug|Any CPU
		{6BC66D24-98E0-4716-A068-7C39A0FCF391}.Release|Any CPU.ActiveCfg = Release|Any CPU
		{6BC66D24-98E0-4716-A068-7C39A0FCF391}.Release|Any CPU.Build.0 = Release|Any CPU
		{84870898-4CCD-4733-A323-6BE071783671}.Debug|Any CPU.ActiveCfg = Debug|Any CPU
		{84870898-4CCD-4733-A323-6BE071783671}.Debug|Any CPU.Build.0 = Debug|Any CPU
		{84870898-4CCD-4733-A323-6BE071783671}.Release|Any CPU.ActiveCfg = Release|Any CPU
		{84870898-4CCD-4733-A323-6BE071783671}.Release|Any CPU.Build.0 = Release|Any CPU
		{FC386E83-4DC7-48B0-96AB-6CC438456231}.Debug|Any CPU.ActiveCfg = Debug|Any CPU
		{FC386E83-4DC7-48B0-96AB-6CC438456231}.Debug|Any CPU.Build.0 = Debug|Any CPU
		{FC386E83-4DC7-48B0-96AB-6CC438456231}.Release|Any CPU.ActiveCfg = Release|Any CPU
		{FC386E83-4DC7-48B0-96AB-6CC438456231}.Release|Any CPU.Build.0 = Release|Any CPU
		{D5F43836-FFC8-4A0F-A465-7ACB7237C2F9}.Debug|Any CPU.ActiveCfg = Debug|Any CPU
		{D5F43836-FFC8-4A0F-A465-7ACB7237C2F9}.Debug|Any CPU.Build.0 = Debug|Any CPU
		{D5F43836-FFC8-4A0F-A465-7ACB7237C2F9}.Release|Any CPU.ActiveCfg = Release|Any CPU
		{D5F43836-FFC8-4A0F-A465-7ACB7237C2F9}.Release|Any CPU.Build.0 = Release|Any CPU
		{B15A95D5-CDD3-4ACF-AADB-29155F11B0B2}.Debug|Any CPU.ActiveCfg = Debug|Any CPU
		{B15A95D5-CDD3-4ACF-AADB-29155F11B0B2}.Debug|Any CPU.Build.0 = Debug|Any CPU
		{B15A95D5-CDD3-4ACF-AADB-29155F11B0B2}.Release|Any CPU.ActiveCfg = Release|Any CPU
		{B15A95D5-CDD3-4ACF-AADB-29155F11B0B2}.Release|Any CPU.Build.0 = Release|Any CPU
		{A9972AF8-956E-4AC5-80E9-E10B55328A35}.Debug|Any CPU.ActiveCfg = Debug|Any CPU
		{A9972AF8-956E-4AC5-80E9-E10B55328A35}.Debug|Any CPU.Build.0 = Debug|Any CPU
		{A9972AF8-956E-4AC5-80E9-E10B55328A35}.Release|Any CPU.ActiveCfg = Release|Any CPU
		{A9972AF8-956E-4AC5-80E9-E10B55328A35}.Release|Any CPU.Build.0 = Release|Any CPU
		{C11DC78D-0DA8-4F31-B62A-78EDDA42301C}.Debug|Any CPU.ActiveCfg = Debug|Any CPU
		{C11DC78D-0DA8-4F31-B62A-78EDDA42301C}.Debug|Any CPU.Build.0 = Debug|Any CPU
		{C11DC78D-0DA8-4F31-B62A-78EDDA42301C}.Release|Any CPU.ActiveCfg = Release|Any CPU
		{C11DC78D-0DA8-4F31-B62A-78EDDA42301C}.Release|Any CPU.Build.0 = Release|Any CPU
		{E1C2B1A4-9D5E-46CF-A770-7E13D324D2FA}.Debug|Any CPU.ActiveCfg = Debug|Any CPU
		{E1C2B1A4-9D5E-46CF-A770-7E13D324D2FA}.Debug|Any CPU.Build.0 = Debug|Any CPU
		{E1C2B1A4-9D5E-46CF-A770-7E13D324D2FA}.Release|Any CPU.ActiveCfg = Release|Any CPU
		{E1C2B1A4-9D5E-46CF-A770-7E13D324D2FA}.Release|Any CPU.Build.0 = Release|Any CPU
		{7F00C019-4F9B-4E83-B947-077B6EF11B84}.Debug|Any CPU.ActiveCfg = Debug|Any CPU
		{7F00C019-4F9B-4E83-B947-077B6EF11B84}.Debug|Any CPU.Build.0 = Debug|Any CPU
		{7F00C019-4F9B-4E83-B947-077B6EF11B84}.Release|Any CPU.ActiveCfg = Release|Any CPU
		{7F00C019-4F9B-4E83-B947-077B6EF11B84}.Release|Any CPU.Build.0 = Release|Any CPU
	EndGlobalSection
	GlobalSection(SolutionProperties) = preSolution
		HideSolutionNode = FALSE
	EndGlobalSection
	GlobalSection(NestedProjects) = preSolution
		{84611557-BD7B-45AC-B926-DB47B056EDCF} = {2B63731F-3BE4-4B28-A235-AF312617AA76}
		{566A7208-8986-4098-94F0-DBFFAD95A269} = {55261B4D-5E83-4662-9AD0-AA2EF2E49B15}
		{8A1CA4BA-F13C-40EB-890C-D109360D80FE} = {55261B4D-5E83-4662-9AD0-AA2EF2E49B15}
		{AA247CFF-EC9C-45DD-AB80-202BEEC31A9E} = {55261B4D-5E83-4662-9AD0-AA2EF2E49B15}
		{6BC66D24-98E0-4716-A068-7C39A0FCF391} = {782255EB-9140-4220-A84E-D7AFC6385B80}
		{84870898-4CCD-4733-A323-6BE071783671} = {2B63731F-3BE4-4B28-A235-AF312617AA76}
		{FC386E83-4DC7-48B0-96AB-6CC438456231} = {9A15544E-FB70-4554-B67A-1457E676BB19}
		{D5F43836-FFC8-4A0F-A465-7ACB7237C2F9} = {9A15544E-FB70-4554-B67A-1457E676BB19}
		{B15A95D5-CDD3-4ACF-AADB-29155F11B0B2} = {9A15544E-FB70-4554-B67A-1457E676BB19}
		{A9972AF8-956E-4AC5-80E9-E10B55328A35} = {782255EB-9140-4220-A84E-D7AFC6385B80}
		{C11DC78D-0DA8-4F31-B62A-78EDDA42301C} = {55261B4D-5E83-4662-9AD0-AA2EF2E49B15}
		{E1C2B1A4-9D5E-46CF-A770-7E13D324D2FA} = {782255EB-9140-4220-A84E-D7AFC6385B80}
		{7F00C019-4F9B-4E83-B947-077B6EF11B84} = {782255EB-9140-4220-A84E-D7AFC6385B80}
	EndGlobalSection
	GlobalSection(ExtensibilityGlobals) = postSolution
		SolutionGuid = {9D112797-3C62-4430-A738-A20AAD24532C}
	EndGlobalSection
EndGlobal
